# This file is automatically @generated by Cargo.
# It is not intended for manual editing.
version = 4

[[package]]
name = "rust_gpu"
version = "0.1.0"

[[package]]
name = "rust_gpu_common"
version = "0.1.0"

[[package]]
name = "rust_gpu_runner"
version = "0.1.0"
dependencies = [
 "rust_gpu_common",
]

[[package]]
name = "rust_gpu_spirv_build"
version = "0.1.0"
